// !$*UTF8*$!
{
	archiveVersion = 1;
	classes = {
	};
	objectVersion = 50;
	objects = {

/* Begin PBXBuildFile section */
		80DF30D02375D5AE007D4CCE /* AppDelegate.swift in Sources */ = {isa = PBXBuildFile; fileRef = 80DF30CF2375D5AE007D4CCE /* AppDelegate.swift */; };
		80DF30D22375D5AE007D4CCE /* SceneDelegate.swift in Sources */ = {isa = PBXBuildFile; fileRef = 80DF30D12375D5AE007D4CCE /* SceneDelegate.swift */; };
		80DF30D42375D5AE007D4CCE /* HomeViewController.swift in Sources */ = {isa = PBXBuildFile; fileRef = 80DF30D32375D5AE007D4CCE /* HomeViewController.swift */; };
		80DF30D72375D5AE007D4CCE /* Main.storyboard in Resources */ = {isa = PBXBuildFile; fileRef = 80DF30D52375D5AE007D4CCE /* Main.storyboard */; };
		80DF30D92375D5B0007D4CCE /* Assets.xcassets in Resources */ = {isa = PBXBuildFile; fileRef = 80DF30D82375D5B0007D4CCE /* Assets.xcassets */; };
		80DF30DC2375D5B0007D4CCE /* LaunchScreen.storyboard in Resources */ = {isa = PBXBuildFile; fileRef = 80DF30DA2375D5B0007D4CCE /* LaunchScreen.storyboard */; };
		80DF30E42375DFDB007D4CCE /* ControlsViewController.swift in Sources */ = {isa = PBXBuildFile; fileRef = 80DF30E32375DFDB007D4CCE /* ControlsViewController.swift */; };
/* End PBXBuildFile section */

/* Begin PBXFileReference section */
		80DF30CC2375D5AE007D4CCE /* AppLifeCycle-UIControls.app */ = {isa = PBXFileReference; explicitFileType = wrapper.application; includeInIndex = 0; path = "AppLifeCycle-UIControls.app"; sourceTree = BUILT_PRODUCTS_DIR; };
		80DF30CF2375D5AE007D4CCE /* AppDelegate.swift */ = {isa = PBXFileReference; lastKnownFileType = sourcecode.swift; path = AppDelegate.swift; sourceTree = "<group>"; };
		80DF30D12375D5AE007D4CCE /* SceneDelegate.swift */ = {isa = PBXFileReference; lastKnownFileType = sourcecode.swift; path = SceneDelegate.swift; sourceTree = "<group>"; };
		80DF30D32375D5AE007D4CCE /* HomeViewController.swift */ = {isa = PBXFileReference; lastKnownFileType = sourcecode.swift; path = HomeViewController.swift; sourceTree = "<group>"; };
		80DF30D62375D5AE007D4CCE /* Base */ = {isa = PBXFileReference; lastKnownFileType = file.storyboard; name = Base; path = Base.lproj/Main.storyboard; sourceTree = "<group>"; };
		80DF30D82375D5B0007D4CCE /* Assets.xcassets */ = {isa = PBXFileReference; lastKnownFileType = folder.assetcatalog; path = Assets.xcassets; sourceTree = "<group>"; };
		80DF30DB2375D5B0007D4CCE /* Base */ = {isa = PBXFileReference; lastKnownFileType = file.storyboard; name = Base; path = Base.lproj/LaunchScreen.storyboard; sourceTree = "<group>"; };
		80DF30DD2375D5B0007D4CCE /* Info.plist */ = {isa = PBXFileReference; lastKnownFileType = text.plist.xml; path = Info.plist; sourceTree = "<group>"; };
		80DF30E32375DFDB007D4CCE /* ControlsViewController.swift */ = {isa = PBXFileReference; lastKnownFileType = sourcecode.swift; path = ControlsViewController.swift; sourceTree = "<group>"; };
/* End PBXFileReference section */

/* Begin PBXFrameworksBuildPhase section */
		80DF30C92375D5AE007D4CCE /* Frameworks */ = {
			isa = PBXFrameworksBuildPhase;
			buildActionMask = 2147483647;
			files = (
			);
			runOnlyForDeploymentPostprocessing = 0;
		};
/* End PBXFrameworksBuildPhase section */

/* Begin PBXGroup section */
		80DF30C32375D5AE007D4CCE = {
			isa = PBXGroup;
			children = (
				80DF30CE2375D5AE007D4CCE /* AppLifeCycle-UIControls */,
				80DF30CD2375D5AE007D4CCE /* Products */,
			);
			sourceTree = "<group>";
		};
		80DF30CD2375D5AE007D4CCE /* Products */ = {
			isa = PBXGroup;
			children = (
				80DF30CC2375D5AE007D4CCE /* AppLifeCycle-UIControls.app */,
			);
			name = Products;
			sourceTree = "<group>";
		};
		80DF30CE2375D5AE007D4CCE /* AppLifeCycle-UIControls */ = {
			isa = PBXGroup;
			children = (
				80DF30CF2375D5AE007D4CCE /* AppDelegate.swift */,
				80DF30D12375D5AE007D4CCE /* SceneDelegate.swift */,
				80DF30D32375D5AE007D4CCE /* HomeViewController.swift */,
				80DF30D52375D5AE007D4CCE /* Main.storyboard */,
				80DF30E32375DFDB007D4CCE /* ControlsViewController.swift */,
				80DF30D82375D5B0007D4CCE /* Assets.xcassets */,
				80DF30DA2375D5B0007D4CCE /* LaunchScreen.storyboard */,
				80DF30DD2375D5B0007D4CCE /* Info.plist */,
			);
			path = "AppLifeCycle-UIControls";
			sourceTree = "<group>";
		};
/* End PBXGroup section */

/* Begin PBXNativeTarget section */
		80DF30CB2375D5AE007D4CCE /* AppLifeCycle-UIControls */ = {
			isa = PBXNativeTarget;
			buildConfigurationList = 80DF30E02375D5B0007D4CCE /* Build configuration list for PBXNativeTarget "AppLifeCycle-UIControls" */;
			buildPhases = (
				80DF30C82375D5AE007D4CCE /* Sources */,
				80DF30C92375D5AE007D4CCE /* Frameworks */,
				80DF30CA2375D5AE007D4CCE /* Resources */,
			);
			buildRules = (
			);
			dependencies = (
			);
			name = "AppLifeCycle-UIControls";
			productName = "AppLifeCycle-UIControls";
			productReference = 80DF30CC2375D5AE007D4CCE /* AppLifeCycle-UIControls.app */;
			productType = "com.apple.product-type.application";
		};
/* End PBXNativeTarget section */

/* Begin PBXProject section */
		80DF30C42375D5AE007D4CCE /* Project object */ = {
			isa = PBXProject;
			attributes = {
				LastSwiftUpdateCheck = 1100;
				LastUpgradeCheck = 1100;
				ORGANIZATIONNAME = "Maitree Bain";
				TargetAttributes = {
					80DF30CB2375D5AE007D4CCE = {
						CreatedOnToolsVersion = 11.0;
					};
				};
			};
			buildConfigurationList = 80DF30C72375D5AE007D4CCE /* Build configuration list for PBXProject "AppLifeCycle-UIControls" */;
			compatibilityVersion = "Xcode 9.3";
			developmentRegion = en;
			hasScannedForEncodings = 0;
			knownRegions = (
				en,
				Base,
			);
			mainGroup = 80DF30C32375D5AE007D4CCE;
			productRefGroup = 80DF30CD2375D5AE007D4CCE /* Products */;
			projectDirPath = "";
			projectRoot = "";
			targets = (
				80DF30CB2375D5AE007D4CCE /* AppLifeCycle-UIControls */,
			);
		};
/* End PBXProject section */

/* Begin PBXResourcesBuildPhase section */
		80DF30CA2375D5AE007D4CCE /* Resources */ = {
			isa = PBXResourcesBuildPhase;
			buildActionMask = 2147483647;
			files = (
				80DF30DC2375D5B0007D4CCE /* LaunchScreen.storyboard in Resources */,
				80DF30D92375D5B0007D4CCE /* Assets.xcassets in Resources */,
				80DF30D72375D5AE007D4CCE /* Main.storyboard in Resources */,
			);
			runOnlyForDeploymentPostprocessing = 0;
		};
/* End PBXResourcesBuildPhase section */

/* Begin PBXSourcesBuildPhase section */
		80DF30C82375D5AE007D4CCE /* Sources */ = {
			isa = PBXSourcesBuildPhase;
			buildActionMask = 2147483647;
			files = (
				80DF30D42375D5AE007D4CCE /* HomeViewController.swift in Sources */,
				80DF30D02375D5AE007D4CCE /* AppDelegate.swift in Sources */,
				80DF30E42375DFDB007D4CCE /* ControlsViewController.swift in Sources */,
				80DF30D22375D5AE007D4CCE /* SceneDelegate.swift in Sources */,
			);
			runOnlyForDeploymentPostprocessing = 0;
		};
/* End PBXSourcesBuildPhase section */

/* Begin PBXVariantGroup section */
		80DF30D52375D5AE007D4CCE /* Main.storyboard */ = {
			isa = PBXVariantGroup;
			children = (
				80DF30D62375D5AE007D4CCE /* Base */,
			);
			name = Main.storyboard;
			sourceTree = "<group>";
		};
		80DF30DA2375D5B0007D4CCE /* LaunchScreen.storyboard */ = {
			isa = PBXVariantGroup;
			children = (
				80DF30DB2375D5B0007D4CCE /* Base */,
			);
			name = LaunchScreen.storyboard;
			sourceTree = "<group>";
		};
/* End PBXVariantGroup section */

/* Begin XCBuildConfiguration section */
		80DF30DE2375D5B0007D4CCE /* Debug */ = {
			isa = XCBuildConfiguration;
			buildSettings = {
				ALWAYS_SEARCH_USER_PATHS = NO;
				CLANG_ANALYZER_NONNULL = YES;
				CLANG_ANALYZER_NUMBER_OBJECT_CONVERSION = YES_AGGRESSIVE;
				CLANG_CXX_LANGUAGE_STANDARD = "gnu++14";
				CLANG_CXX_LIBRARY = "libc++";
				CLANG_ENABLE_MODULES = YES;
				CLANG_ENABLE_OBJC_ARC = YES;
				CLANG_ENABLE_OBJC_WEAK = YES;
				CLANG_WARN_BLOCK_CAPTURE_AUTORELEASING = YES;
				CLANG_WARN_BOOL_CONVERSION = YES;
				CLANG_WARN_COMMA = YES;
				CLANG_WARN_CONSTANT_CONVERSION = YES;
				CLANG_WARN_DEPRECATED_OBJC_IMPLEMENTATIONS = YES;
				CLANG_WARN_DIRECT_OBJC_ISA_USAGE = YES_ERROR;
				CLANG_WARN_DOCUMENTATION_COMMENTS = YES;
				CLANG_WARN_EMPTY_BODY = YES;
				CLANG_WARN_ENUM_CONVERSION = YES;
				CLANG_WARN_INFINITE_RECURSION = YES;
				CLANG_WARN_INT_CONVERSION = YES;
				CLANG_WARN_NON_LITERAL_NULL_CONVERSION = YES;
				CLANG_WARN_OBJC_IMPLICIT_RETAIN_SELF = YES;
				CLANG_WARN_OBJC_LITERAL_CONVERSION = YES;
				CLANG_WARN_OBJC_ROOT_CLASS = YES_ERROR;
				CLANG_WARN_RANGE_LOOP_ANALYSIS = YES;
				CLANG_WARN_STRICT_PROTOTYPES = YES;
				CLANG_WARN_SUSPICIOUS_MOVE = YES;
				CLANG_WARN_UNGUARDED_AVAILABILITY = YES_AGGRESSIVE;
				CLANG_WARN_UNREACHABLE_CODE = YES;
				CLANG_WARN__DUPLICATE_METHOD_MATCH = YES;
				COPY_PHASE_STRIP = NO;
				DEBUG_INFORMATION_FORMAT = dwarf;
				ENABLE_STRICT_OBJC_MSGSEND = YES;
				ENABLE_TESTABILITY = YES;
				GCC_C_LANGUAGE_STANDARD = gnu11;
				GCC_DYNAMIC_NO_PIC = NO;
				GCC_NO_COMMON_BLOCKS = YES;
				GCC_OPTIMIZATION_LEVEL = 0;
				GCC_PREPROCESSOR_DEFINITIONS = (
					"DEBUG=1",
					"$(inherited)",
				);
				GCC_WARN_64_TO_32_BIT_CONVERSION = YES;
				GCC_WARN_ABOUT_RETURN_TYPE = YES_ERROR;
				GCC_WARN_UNDECLARED_SELECTOR = YES;
				GCC_WARN_UNINITIALIZED_AUTOS = YES_AGGRESSIVE;
				GCC_WARN_UNUSED_FUNCTION = YES;
				GCC_WARN_UNUSED_VARIABLE = YES;
				IPHONEOS_DEPLOYMENT_TARGET = 13.0;
				MTL_ENABLE_DEBUG_INFO = INCLUDE_SOURCE;
				MTL_FAST_MATH = YES;
				ONLY_ACTIVE_ARCH = YES;
				SDKROOT = iphoneos;
				SWIFT_ACTIVE_COMPILATION_CONDITIONS = DEBUG;
				SWIFT_OPTIMIZATION_LEVEL = "-Onone";
			};
			name = Debug;
		};
		80DF30DF2375D5B0007D4CCE /* Release */ = {
			isa = XCBuildConfiguration;
			buildSettings = {
				ALWAYS_SEARCH_USER_PATHS = NO;
				CLANG_ANALYZER_NONNULL = YES;
				CLANG_ANALYZER_NUMBER_OBJECT_CONVERSION = YES_AGGRESSIVE;
				CLANG_CXX_LANGUAGE_STANDARD = "gnu++14";
				CLANG_CXX_LIBRARY = "libc++";
				CLANG_ENABLE_MODULES = YES;
				CLANG_ENABLE_OBJC_ARC = YES;
				CLANG_ENABLE_OBJC_WEAK = YES;
				CLANG_WARN_BLOCK_CAPTURE_AUTORELEASING = YES;
				CLANG_WARN_BOOL_CONVERSION = YES;
				CLANG_WARN_COMMA = YES;
				CLANG_WARN_CONSTANT_CONVERSION = YES;
				CLANG_WARN_DEPRECATED_OBJC_IMPLEMENTATIONS = YES;
				CLANG_WARN_DIRECT_OBJC_ISA_USAGE = YES_ERROR;
				CLANG_WARN_DOCUMENTATION_COMMENTS = YES;
				CLANG_WARN_EMPTY_BODY = YES;
				CLANG_WARN_ENUM_CONVERSION = YES;
				CLANG_WARN_INFINITE_RECURSION = YES;
				CLANG_WARN_INT_CONVERSION = YES;
				CLANG_WARN_NON_LITERAL_NULL_CONVERSION = YES;
				CLANG_WARN_OBJC_IMPLICIT_RETAIN_SELF = YES;
				CLANG_WARN_OBJC_LITERAL_CONVERSION = YES;
				CLANG_WARN_OBJC_ROOT_CLASS = YES_ERROR;
				CLANG_WARN_RANGE_LOOP_ANALYSIS = YES;
				CLANG_WARN_STRICT_PROTOTYPES = YES;
				CLANG_WARN_SUSPICIOUS_MOVE = YES;
				CLANG_WARN_UNGUARDED_AVAILABILITY = YES_AGGRESSIVE;
				CLANG_WARN_UNREACHABLE_CODE = YES;
				CLANG_WARN__DUPLICATE_METHOD_MATCH = YES;
				COPY_PHASE_STRIP = NO;
				DEBUG_INFORMATION_FORMAT = "dwarf-with-dsym";
				ENABLE_NS_ASSERTIONS = NO;
				ENABLE_STRICT_OBJC_MSGSEND = YES;
				GCC_C_LANGUAGE_STANDARD = gnu11;
				GCC_NO_COMMON_BLOCKS = YES;
				GCC_WARN_64_TO_32_BIT_CONVERSION = YES;
				GCC_WARN_ABOUT_RETURN_TYPE = YES_ERROR;
				GCC_WARN_UNDECLARED_SELECTOR = YES;
				GCC_WARN_UNINITIALIZED_AUTOS = YES_AGGRESSIVE;
				GCC_WARN_UNUSED_FUNCTION = YES;
				GCC_WARN_UNUSED_VARIABLE = YES;
				IPHONEOS_DEPLOYMENT_TARGET = 13.0;
				MTL_ENABLE_DEBUG_INFO = NO;
				MTL_FAST_MATH = YES;
				SDKROOT = iphoneos;
				SWIFT_COMPILATION_MODE = wholemodule;
				SWIFT_OPTIMIZATION_LEVEL = "-O";
				VALIDATE_PRODUCT = YES;
			};
			name = Release;
		};
		80DF30E12375D5B0007D4CCE /* Debug */ = {
			isa = XCBuildConfiguration;
			buildSettings = {
				ASSETCATALOG_COMPILER_APPICON_NAME = AppIcon;
				CODE_SIGN_STYLE = Automatic;
				DEVELOPMENT_TEAM = P547T297G7;
				INFOPLIST_FILE = "AppLifeCycle-UIControls/Info.plist";
				LD_RUNPATH_SEARCH_PATHS = (
					"$(inherited)",
					"@executable_path/Frameworks",
				);
				PRODUCT_BUNDLE_IDENTIFIER = "com.MaitreeBain.AppLifeCycle-UIControls";
				PRODUCT_NAME = "$(TARGET_NAME)";
				SWIFT_VERSION = 5.0;
				TARGETED_DEVICE_FAMILY = "1,2";
			};
			name = Debug;
		};
		80DF30E22375D5B0007D4CCE /* Release */ = {
			isa = XCBuildConfiguration;
			buildSettings = {
				ASSETCATALOG_COMPILER_APPICON_NAME = AppIcon;
				CODE_SIGN_STYLE = Automatic;
				DEVELOPMENT_TEAM = P547T297G7;
				INFOPLIST_FILE = "AppLifeCycle-UIControls/Info.plist";
				LD_RUNPATH_SEARCH_PATHS = (
					"$(inherited)",
					"@executable_path/Frameworks",
				);
				PRODUCT_BUNDLE_IDENTIFIER = "com.MaitreeBain.AppLifeCycle-UIControls";
				PRODUCT_NAME = "$(TARGET_NAME)";
				SWIFT_VERSION = 5.0;
				TARGETED_DEVICE_FAMILY = "1,2";
			};
			name = Release;
		};
/* End XCBuildConfiguration section */

/* Begin XCConfigurationList section */
		80DF30C72375D5AE007D4CCE /* Build configuration list for PBXProject "AppLifeCycle-UIControls" */ = {
			isa = XCConfigurationList;
			buildConfigurations = (
				80DF30DE2375D5B0007D4CCE /* Debug */,
				80DF30DF2375D5B0007D4CCE /* Release */,
			);
			defaultConfigurationIsVisible = 0;
			defaultConfigurationName = Release;
		};
		80DF30E02375D5B0007D4CCE /* Build configuration list for PBXNativeTarget "AppLifeCycle-UIControls" */ = {
			isa = XCConfigurationList;
			buildConfigurations = (
				80DF30E12375D5B0007D4CCE /* Debug */,
				80DF30E22375D5B0007D4CCE /* Release */,
			);
			defaultConfigurationIsVisible = 0;
			defaultConfigurationName = Release;
		};
/* End XCConfigurationList section */
	};
	rootObject = 80DF30C42375D5AE007D4CCE /* Project object */;
}
